
Microsoft Visual Studio Solution File, Format Version 12.00
# Visual Studio Version 17
VisualStudioVersion = 17.1.32328.378
MinimumVisualStudioVersion = 10.0.40219.1
Project("{FAE04EC0-301F-11D3-BF4B-00C04F79EFBC}") = "k190144_Q3", "k190144_Q3.csproj", "{1CE76ABC-230F-41D8-B1BF-79DE0BEE6C5E}"
EndProject
Global
	GlobalSection(SolutionConfigurationPlatforms) = preSolution
		Debug|Any CPU = Debug|Any CPU
		Release|Any CPU = Release|Any CPU
	EndGlobalSection
	GlobalSection(ProjectConfigurationPlatforms) = postSolution
		{1CE76ABC-230F-41D8-B1BF-79DE0BEE6C5E}.Debug|Any CPU.ActiveCfg = Debug|Any CPU
		{1CE76ABC-230F-41D8-B1BF-79DE0BEE6C5E}.Debug|Any CPU.Build.0 = Debug|Any CPU
		{1CE76ABC-230F-41D8-B1BF-79DE0BEE6C5E}.Release|Any CPU.ActiveCfg = Release|Any CPU
		{1CE76ABC-230F-41D8-B1BF-79DE0BEE6C5E}.Release|Any CPU.Build.0 = Release|Any CPU
	EndGlobalSection
	GlobalSection(SolutionProperties) = preSolution
		HideSolutionNode = FALSE
	EndGlobalSection
	GlobalSection(ExtensibilityGlobals) = postSolution
		SolutionGuid = {8D43EEE4-0F8F-4700-86E4-5C54D54F1FF4}
	EndGlobalSection
EndGlobal
